
Microsoft Visual Studio Solution File, Format Version 12.00
# Visual Studio Version 16
VisualStudioVersion = 16.0.30204.135
MinimumVisualStudioVersion = 10.0.40219.1
Project("{8BC9CEB8-8B4A-11D0-8D11-00A0C91BC942}") = "Project1", "PT2\PT2.vcxproj", "{D7B387F0-A5C8-4BAA-9311-5E2352D3F7E5}"
EndProject
Project("{8BC9CEB8-8B4A-11D0-8D11-00A0C91BC942}") = "Project2", "Project2\Project2.vcxproj", "{DC827D80-44D8-4947-B470-B2C4649E2C98}"
EndProject
Global
	GlobalSection(SolutionConfigurationPlatforms) = preSolution
		Debug|x64 = Debug|x64
		Debug|x86 = Debug|x86
		Release|x64 = Release|x64
		Release|x86 = Release|x86
	EndGlobalSection
	GlobalSection(ProjectConfigurationPlatforms) = postSolution
		{D7B387F0-A5C8-4BAA-9311-5E2352D3F7E5}.Debug|x64.ActiveCfg = Debug|x64
		{D7B387F0-A5C8-4BAA-9311-5E2352D3F7E5}.Debug|x64.Build.0 = Debug|x64
		{D7B387F0-A5C8-4BAA-9311-5E2352D3F7E5}.Debug|x86.ActiveCfg = Debug|Win32
		{D7B387F0-A5C8-4BAA-9311-5E2352D3F7E5}.Debug|x86.Build.0 = Debug|Win32
		{D7B387F0-A5C8-4BAA-9311-5E2352D3F7E5}.Release|x64.ActiveCfg = Release|x64
		{D7B387F0-A5C8-4BAA-9311-5E2352D3F7E5}.Release|x64.Build.0 = Release|x64
		{D7B387F0-A5C8-4BAA-9311-5E2352D3F7E5}.Release|x86.ActiveCfg = Release|Win32
		{D7B387F0-A5C8-4BAA-9311-5E2352D3F7E5}.Release|x86.Build.0 = Release|Win32
		{DC827D80-44D8-4947-B470-B2C4649E2C98}.Debug|x64.ActiveCfg = Debug|x64
		{DC827D80-44D8-4947-B470-B2C4649E2C98}.Debug|x64.Build.0 = Debug|x64
		{DC827D80-44D8-4947-B470-B2C4649E2C98}.Debug|x86.ActiveCfg = Debug|Win32
		{DC827D80-44D8-4947-B470-B2C4649E2C98}.Debug|x86.Build.0 = Debug|Win32
		{DC827D80-44D8-4947-B470-B2C4649E2C98}.Release|x64.ActiveCfg = Release|x64
		{DC827D80-44D8-4947-B470-B2C4649E2C98}.Release|x64.Build.0 = Release|x64
		{DC827D80-44D8-4947-B470-B2C4649E2C98}.Release|x86.ActiveCfg = Release|Win32
		{DC827D80-44D8-4947-B470-B2C4649E2C98}.Release|x86.Build.0 = Release|Win32
	EndGlobalSection
	GlobalSection(SolutionProperties) = preSolution
		HideSolutionNode = FALSE
	EndGlobalSection
	GlobalSection(ExtensibilityGlobals) = postSolution
		SolutionGuid = {B4378B80-14BB-4CC1-A8E6-740D4FBC446D}
	EndGlobalSection
EndGlobal
